{
  "name": "java-never-sleep",
  "version": "1.0.0",
  "lockfileVersion": 1,
  "requires": true,
  "dependencies": {
    "lodash": {
      "version": "3.10.1",
      "resolved": "http://registry.npmjs.org/lodash/-/lodash-3.10.1.tgz",
      "integrity": "sha1-W/Rejkm6QYnhfUgnid/RW9FAt7Y="
    },
    "reveal-ga": {
      "version": "0.1.0",
      "resolved": "https://registry.npmjs.org/reveal-ga/-/reveal-ga-0.1.0.tgz",
      "integrity": "sha1-ZVfHgchZYxUHC6k1o5bGTbBSV/E=",
      "requires": {
        "lodash": "^3.10.1"
      }
    },
    "reveal.js": {
      "version": "3.7.0",
      "resolved": "https://registry.npmjs.org/reveal.js/-/reveal.js-3.7.0.tgz",
      "integrity": "sha512-HTOTNhF5mQAw6fcsptk4oql/DEEUwTG0YHk/LzTNNx0/3IgvOQZqKzvlK/zNpqqKMLlhn1gH9Nvp+FFoc/e5/w=="
    },
    "reveal.js-chalkboard": {
      "version": "1.0.0",
      "resolved": "https://registry.npmjs.org/reveal.js-chalkboard/-/reveal.js-chalkboard-1.0.0.tgz",
      "integrity": "sha512-lSNmMiIbYo/1Bh2wF3JgWgAB6K60wI8GO5AJhO6sBTSVV5nRAQnlH6ybkzr8PnY+pbcjvsPsXVghFF7pt/2WIw=="
    },
    "reveal.js-menu": {
      "version": "1.2.0",
      "resolved": "https://registry.npmjs.org/reveal.js-menu/-/reveal.js-menu-1.2.0.tgz",
      "integrity": "sha512-jOuMjakDx90GO01Z29Vq6MS3qogjML/qTA14werk/PDj9zpV5Pl0GRLwWq91b20vS1JgYi4sD1POd33deDQAQg=="
    }
  }
}
